
Microsoft Visual Studio Solution File, Format Version 12.00
# Visual Studio Version 16
VisualStudioVersion = 16.0.29318.209
MinimumVisualStudioVersion = 10.0.40219.1
Project("{2150E333-8FDC-42A3-9474-1A3956D46DE8}") = "Microservices", "Microservices", "{8F3CC44E-9A3C-4BEA-9CEF-58DAF3F110A4}"
EndProject
Project("{2150E333-8FDC-42A3-9474-1A3956D46DE8}") = "Domain", "Domain", "{AFFA5A19-4F79-46A1-AE71-C59691224C0F}"
EndProject
Project("{2150E333-8FDC-42A3-9474-1A3956D46DE8}") = "Infra.Bus", "Infra.Bus", "{B23A0865-271C-462D-8D8B-4CDA1F0B26C2}"
EndProject
Project("{2150E333-8FDC-42A3-9474-1A3956D46DE8}") = "Infra.IoC", "Infra.IoC", "{474E7126-C54C-4C8B-B297-6323241E2DD9}"
EndProject
Project("{2150E333-8FDC-42A3-9474-1A3956D46DE8}") = "Presentation", "Presentation", "{C151662E-4B08-4439-B72D-4A7B490E4C3C}"
EndProject
Project("{FAE04EC0-301F-11D3-BF4B-00C04F79EFBC}") = "MicroRabbitmq.Domain.Core", "MicroRabbitmq.Domain.Core\MicroRabbitmq.Domain.Core.csproj", "{1002880B-7D7F-4C1D-BAB4-DD40F3A0D06C}"
EndProject
Global
	GlobalSection(SolutionConfigurationPlatforms) = preSolution
		Debug|Any CPU = Debug|Any CPU
		Release|Any CPU = Release|Any CPU
	EndGlobalSection
	GlobalSection(ProjectConfigurationPlatforms) = postSolution
		{1002880B-7D7F-4C1D-BAB4-DD40F3A0D06C}.Debug|Any CPU.ActiveCfg = Debug|Any CPU
		{1002880B-7D7F-4C1D-BAB4-DD40F3A0D06C}.Debug|Any CPU.Build.0 = Debug|Any CPU
		{1002880B-7D7F-4C1D-BAB4-DD40F3A0D06C}.Release|Any CPU.ActiveCfg = Release|Any CPU
		{1002880B-7D7F-4C1D-BAB4-DD40F3A0D06C}.Release|Any CPU.Build.0 = Release|Any CPU
	EndGlobalSection
	GlobalSection(SolutionProperties) = preSolution
		HideSolutionNode = FALSE
	EndGlobalSection
	GlobalSection(NestedProjects) = preSolution
		{1002880B-7D7F-4C1D-BAB4-DD40F3A0D06C} = {AFFA5A19-4F79-46A1-AE71-C59691224C0F}
	EndGlobalSection
	GlobalSection(ExtensibilityGlobals) = postSolution
		SolutionGuid = {28016456-603E-4CFF-9594-3B71D0DA317D}
	EndGlobalSection
EndGlobal
