
Microsoft Visual Studio Solution File, Format Version 12.00
# Visual Studio Version 16
VisualStudioVersion = 16.0.29318.209
MinimumVisualStudioVersion = 10.0.40219.1
Project("{2150E333-8FDC-42A3-9474-1A3956D46DE8}") = "Microservices", "Microservices", "{8F3CC44E-9A3C-4BEA-9CEF-58DAF3F110A4}"
EndProject
Project("{2150E333-8FDC-42A3-9474-1A3956D46DE8}") = "Domain", "Domain", "{AFFA5A19-4F79-46A1-AE71-C59691224C0F}"
EndProject
Project("{2150E333-8FDC-42A3-9474-1A3956D46DE8}") = "Infra.Bus", "Infra.Bus", "{B23A0865-271C-462D-8D8B-4CDA1F0B26C2}"
EndProject
Project("{2150E333-8FDC-42A3-9474-1A3956D46DE8}") = "Infra.IoC", "Infra.IoC", "{474E7126-C54C-4C8B-B297-6323241E2DD9}"
EndProject
Project("{2150E333-8FDC-42A3-9474-1A3956D46DE8}") = "Presentation", "Presentation", "{C151662E-4B08-4439-B72D-4A7B490E4C3C}"
EndProject
Project("{9A19103F-16F7-4668-BE54-9A1E7A4F7556}") = "MicroRabbitmq.Domain.Core", "MicroRabbitmq.Domain.Core\MicroRabbitmq.Domain.Core.csproj", "{1002880B-7D7F-4C1D-BAB4-DD40F3A0D06C}"
EndProject
Project("{FAE04EC0-301F-11D3-BF4B-00C04F79EFBC}") = "MicroRabbitmq.Infra.Bus", "MicroRabbitmq.Infra.Bus\MicroRabbitmq.Infra.Bus.csproj", "{934D3B78-A38D-41DE-98E5-0D168441653E}"
EndProject
Project("{FAE04EC0-301F-11D3-BF4B-00C04F79EFBC}") = "MicroRabbitmq.Infra.IoC", "MicroRabbitmq.Infra.IoC\MicroRabbitmq.Infra.IoC.csproj", "{337B0EDE-7663-4900-B58D-FDC6473BCE4E}"
EndProject
Project("{2150E333-8FDC-42A3-9474-1A3956D46DE8}") = "Banking", "Banking", "{5C860ECD-33E8-45C3-B0F0-554342DC73C0}"
EndProject
Project("{2150E333-8FDC-42A3-9474-1A3956D46DE8}") = "Api", "Api", "{669148A1-6CC4-4DE9-8D6B-FC85A4B741E0}"
EndProject
Project("{2150E333-8FDC-42A3-9474-1A3956D46DE8}") = "Domain", "Domain", "{731492C5-CD34-460D-BB06-592687AB037C}"
EndProject
Project("{2150E333-8FDC-42A3-9474-1A3956D46DE8}") = "Application", "Application", "{BA681AC4-3F4B-4B9F-8171-3E7E91D208FB}"
EndProject
Project("{2150E333-8FDC-42A3-9474-1A3956D46DE8}") = "Data", "Data", "{507AA877-A0FB-4299-A871-0922A5C8DB97}"
EndProject
Project("{FAE04EC0-301F-11D3-BF4B-00C04F79EFBC}") = "MicroRabbitmq.Banking.Api", "MicroRabbitmq.Banking.Api\MicroRabbitmq.Banking.Api.csproj", "{52D75071-50B3-42CA-8ABC-0FAEF1CB8691}"
EndProject
Project("{FAE04EC0-301F-11D3-BF4B-00C04F79EFBC}") = "MicroRabbitmq.Banking.Application", "MicroRabbitmq.Banking.Application\MicroRabbitmq.Banking.Application.csproj", "{1A6C845C-5F4D-4A5D-9E76-C0CFBC46B57F}"
EndProject
Project("{FAE04EC0-301F-11D3-BF4B-00C04F79EFBC}") = "MicroRabbitmq.Baning.Data", "MicroRabbitmq.Baning.Data\MicroRabbitmq.Baning.Data.csproj", "{1F4C3FB3-7BB0-4EAA-BEA0-90275A801CB1}"
EndProject
Project("{FAE04EC0-301F-11D3-BF4B-00C04F79EFBC}") = "MicroRabbitmq.Banking.Domain", "MicroRabbitmq.Banking.Domain\MicroRabbitmq.Banking.Domain.csproj", "{EB6CBF8D-3A73-420C-9E42-7DC8CF8CD121}"
EndProject
Global
	GlobalSection(SolutionConfigurationPlatforms) = preSolution
		Debug|Any CPU = Debug|Any CPU
		Release|Any CPU = Release|Any CPU
	EndGlobalSection
	GlobalSection(ProjectConfigurationPlatforms) = postSolution
		{1002880B-7D7F-4C1D-BAB4-DD40F3A0D06C}.Debug|Any CPU.ActiveCfg = Debug|Any CPU
		{1002880B-7D7F-4C1D-BAB4-DD40F3A0D06C}.Debug|Any CPU.Build.0 = Debug|Any CPU
		{1002880B-7D7F-4C1D-BAB4-DD40F3A0D06C}.Release|Any CPU.ActiveCfg = Release|Any CPU
		{1002880B-7D7F-4C1D-BAB4-DD40F3A0D06C}.Release|Any CPU.Build.0 = Release|Any CPU
		{934D3B78-A38D-41DE-98E5-0D168441653E}.Debug|Any CPU.ActiveCfg = Debug|Any CPU
		{934D3B78-A38D-41DE-98E5-0D168441653E}.Debug|Any CPU.Build.0 = Debug|Any CPU
		{934D3B78-A38D-41DE-98E5-0D168441653E}.Release|Any CPU.ActiveCfg = Release|Any CPU
		{934D3B78-A38D-41DE-98E5-0D168441653E}.Release|Any CPU.Build.0 = Release|Any CPU
		{337B0EDE-7663-4900-B58D-FDC6473BCE4E}.Debug|Any CPU.ActiveCfg = Debug|Any CPU
		{337B0EDE-7663-4900-B58D-FDC6473BCE4E}.Debug|Any CPU.Build.0 = Debug|Any CPU
		{337B0EDE-7663-4900-B58D-FDC6473BCE4E}.Release|Any CPU.ActiveCfg = Release|Any CPU
		{337B0EDE-7663-4900-B58D-FDC6473BCE4E}.Release|Any CPU.Build.0 = Release|Any CPU
		{52D75071-50B3-42CA-8ABC-0FAEF1CB8691}.Debug|Any CPU.ActiveCfg = Debug|Any CPU
		{52D75071-50B3-42CA-8ABC-0FAEF1CB8691}.Debug|Any CPU.Build.0 = Debug|Any CPU
		{52D75071-50B3-42CA-8ABC-0FAEF1CB8691}.Release|Any CPU.ActiveCfg = Release|Any CPU
		{52D75071-50B3-42CA-8ABC-0FAEF1CB8691}.Release|Any CPU.Build.0 = Release|Any CPU
		{1A6C845C-5F4D-4A5D-9E76-C0CFBC46B57F}.Debug|Any CPU.ActiveCfg = Debug|Any CPU
		{1A6C845C-5F4D-4A5D-9E76-C0CFBC46B57F}.Debug|Any CPU.Build.0 = Debug|Any CPU
		{1A6C845C-5F4D-4A5D-9E76-C0CFBC46B57F}.Release|Any CPU.ActiveCfg = Release|Any CPU
		{1A6C845C-5F4D-4A5D-9E76-C0CFBC46B57F}.Release|Any CPU.Build.0 = Release|Any CPU
		{1F4C3FB3-7BB0-4EAA-BEA0-90275A801CB1}.Debug|Any CPU.ActiveCfg = Debug|Any CPU
		{1F4C3FB3-7BB0-4EAA-BEA0-90275A801CB1}.Debug|Any CPU.Build.0 = Debug|Any CPU
		{1F4C3FB3-7BB0-4EAA-BEA0-90275A801CB1}.Release|Any CPU.ActiveCfg = Release|Any CPU
		{1F4C3FB3-7BB0-4EAA-BEA0-90275A801CB1}.Release|Any CPU.Build.0 = Release|Any CPU
		{EB6CBF8D-3A73-420C-9E42-7DC8CF8CD121}.Debug|Any CPU.ActiveCfg = Debug|Any CPU
		{EB6CBF8D-3A73-420C-9E42-7DC8CF8CD121}.Debug|Any CPU.Build.0 = Debug|Any CPU
		{EB6CBF8D-3A73-420C-9E42-7DC8CF8CD121}.Release|Any CPU.ActiveCfg = Release|Any CPU
		{EB6CBF8D-3A73-420C-9E42-7DC8CF8CD121}.Release|Any CPU.Build.0 = Release|Any CPU
	EndGlobalSection
	GlobalSection(SolutionProperties) = preSolution
		HideSolutionNode = FALSE
	EndGlobalSection
	GlobalSection(NestedProjects) = preSolution
		{1002880B-7D7F-4C1D-BAB4-DD40F3A0D06C} = {AFFA5A19-4F79-46A1-AE71-C59691224C0F}
		{934D3B78-A38D-41DE-98E5-0D168441653E} = {B23A0865-271C-462D-8D8B-4CDA1F0B26C2}
		{337B0EDE-7663-4900-B58D-FDC6473BCE4E} = {474E7126-C54C-4C8B-B297-6323241E2DD9}
		{5C860ECD-33E8-45C3-B0F0-554342DC73C0} = {8F3CC44E-9A3C-4BEA-9CEF-58DAF3F110A4}
		{669148A1-6CC4-4DE9-8D6B-FC85A4B741E0} = {5C860ECD-33E8-45C3-B0F0-554342DC73C0}
		{731492C5-CD34-460D-BB06-592687AB037C} = {5C860ECD-33E8-45C3-B0F0-554342DC73C0}
		{BA681AC4-3F4B-4B9F-8171-3E7E91D208FB} = {5C860ECD-33E8-45C3-B0F0-554342DC73C0}
		{507AA877-A0FB-4299-A871-0922A5C8DB97} = {5C860ECD-33E8-45C3-B0F0-554342DC73C0}
		{52D75071-50B3-42CA-8ABC-0FAEF1CB8691} = {669148A1-6CC4-4DE9-8D6B-FC85A4B741E0}
		{1A6C845C-5F4D-4A5D-9E76-C0CFBC46B57F} = {BA681AC4-3F4B-4B9F-8171-3E7E91D208FB}
		{1F4C3FB3-7BB0-4EAA-BEA0-90275A801CB1} = {507AA877-A0FB-4299-A871-0922A5C8DB97}
		{EB6CBF8D-3A73-420C-9E42-7DC8CF8CD121} = {731492C5-CD34-460D-BB06-592687AB037C}
	EndGlobalSection
	GlobalSection(ExtensibilityGlobals) = postSolution
		SolutionGuid = {28016456-603E-4CFF-9594-3B71D0DA317D}
	EndGlobalSection
EndGlobal
